
Microsoft Visual Studio Solution File, Format Version 12.00
# Visual Studio 14
VisualStudioVersion = 14.0.25123.0
MinimumVisualStudioVersion = 10.0.40219.1
Project("{FAE04EC0-301F-11D3-BF4B-00C04F79EFBC}") = "MyShop.Common", "MyShop.Common\MyShop.Common.csproj", "{192DB7AC-B67C-4DBF-A7AF-29F267811838}"
EndProject
Project("{FAE04EC0-301F-11D3-BF4B-00C04F79EFBC}") = "MyShop.Model", "MyShop.Model\MyShop.Model.csproj", "{8C02EB3E-4636-44E9-926C-92122D5E0EA9}"
EndProject
Project("{FAE04EC0-301F-11D3-BF4B-00C04F79EFBC}") = "MyShop.Data", "MyShop.Data\MyShop.Data.csproj", "{F2CCEF8C-7106-4595-A5C5-4253EF00FC79}"
EndProject
Project("{FAE04EC0-301F-11D3-BF4B-00C04F79EFBC}") = "MyShop.Service", "MyShop.Service\MyShop.Service.csproj", "{0E4499DA-24F0-48C0-AAEC-B046E98D578F}"
EndProject
Project("{FAE04EC0-301F-11D3-BF4B-00C04F79EFBC}") = "MyShop.UnitTest", "MyShop.UnitTest\MyShop.UnitTest.csproj", "{0BE7495A-801B-4090-B6BE-C24FBC8DC931}"
EndProject
Project("{FAE04EC0-301F-11D3-BF4B-00C04F79EFBC}") = "MyShop.Web", "MyShop.Web\MyShop.Web.csproj", "{76AC7364-18B5-4F92-B37D-EAB10464B56A}"
EndProject
Global
	GlobalSection(SolutionConfigurationPlatforms) = preSolution
		Debug|Any CPU = Debug|Any CPU
		Release|Any CPU = Release|Any CPU
	EndGlobalSection
	GlobalSection(ProjectConfigurationPlatforms) = postSolution
		{192DB7AC-B67C-4DBF-A7AF-29F267811838}.Debug|Any CPU.ActiveCfg = Debug|Any CPU
		{192DB7AC-B67C-4DBF-A7AF-29F267811838}.Debug|Any CPU.Build.0 = Debug|Any CPU
		{192DB7AC-B67C-4DBF-A7AF-29F267811838}.Release|Any CPU.ActiveCfg = Release|Any CPU
		{192DB7AC-B67C-4DBF-A7AF-29F267811838}.Release|Any CPU.Build.0 = Release|Any CPU
		{8C02EB3E-4636-44E9-926C-92122D5E0EA9}.Debug|Any CPU.ActiveCfg = Debug|Any CPU
		{8C02EB3E-4636-44E9-926C-92122D5E0EA9}.Debug|Any CPU.Build.0 = Debug|Any CPU
		{8C02EB3E-4636-44E9-926C-92122D5E0EA9}.Release|Any CPU.ActiveCfg = Release|Any CPU
		{8C02EB3E-4636-44E9-926C-92122D5E0EA9}.Release|Any CPU.Build.0 = Release|Any CPU
		{F2CCEF8C-7106-4595-A5C5-4253EF00FC79}.Debug|Any CPU.ActiveCfg = Debug|Any CPU
		{F2CCEF8C-7106-4595-A5C5-4253EF00FC79}.Debug|Any CPU.Build.0 = Debug|Any CPU
		{F2CCEF8C-7106-4595-A5C5-4253EF00FC79}.Release|Any CPU.ActiveCfg = Release|Any CPU
		{F2CCEF8C-7106-4595-A5C5-4253EF00FC79}.Release|Any CPU.Build.0 = Release|Any CPU
		{0E4499DA-24F0-48C0-AAEC-B046E98D578F}.Debug|Any CPU.ActiveCfg = Debug|Any CPU
		{0E4499DA-24F0-48C0-AAEC-B046E98D578F}.Debug|Any CPU.Build.0 = Debug|Any CPU
		{0E4499DA-24F0-48C0-AAEC-B046E98D578F}.Release|Any CPU.ActiveCfg = Release|Any CPU
		{0E4499DA-24F0-48C0-AAEC-B046E98D578F}.Release|Any CPU.Build.0 = Release|Any CPU
		{0BE7495A-801B-4090-B6BE-C24FBC8DC931}.Debug|Any CPU.ActiveCfg = Debug|Any CPU
		{0BE7495A-801B-4090-B6BE-C24FBC8DC931}.Debug|Any CPU.Build.0 = Debug|Any CPU
		{0BE7495A-801B-4090-B6BE-C24FBC8DC931}.Release|Any CPU.ActiveCfg = Release|Any CPU
		{0BE7495A-801B-4090-B6BE-C24FBC8DC931}.Release|Any CPU.Build.0 = Release|Any CPU
		{76AC7364-18B5-4F92-B37D-EAB10464B56A}.Debug|Any CPU.ActiveCfg = Debug|Any CPU
		{76AC7364-18B5-4F92-B37D-EAB10464B56A}.Debug|Any CPU.Build.0 = Debug|Any CPU
		{76AC7364-18B5-4F92-B37D-EAB10464B56A}.Release|Any CPU.ActiveCfg = Release|Any CPU
		{76AC7364-18B5-4F92-B37D-EAB10464B56A}.Release|Any CPU.Build.0 = Release|Any CPU
	EndGlobalSection
	GlobalSection(SolutionProperties) = preSolution
		HideSolutionNode = FALSE
	EndGlobalSection
EndGlobal
